// !$*UTF8*$!
{
	archiveVersion = 1;
	classes = {
	};
	objectVersion = 56;
	objects = {

/* Begin PBXBuildFile section */
		8B0F74F02C359E3900265A96 /* RouterView.swift in Sources */ = {isa = PBXBuildFile; fileRef = 8B0F74EF2C359E3900265A96 /* RouterView.swift */; };
		8B605B122C39570B0029936B /* Alamofire in Frameworks */ = {isa = PBXBuildFile; productRef = 8B605B112C39570B0029936B /* Alamofire */; };
		8B72C3E22C25EDA5008DF1AF /* Trilium_ClientApp.swift in Sources */ = {isa = PBXBuildFile; fileRef = 8B72C3E12C25EDA5008DF1AF /* Trilium_ClientApp.swift */; };
		8B72C3E62C25EDA7008DF1AF /* Assets.xcassets in Resources */ = {isa = PBXBuildFile; fileRef = 8B72C3E52C25EDA7008DF1AF /* Assets.xcassets */; };
		8B72C3E92C25EDA7008DF1AF /* Preview Assets.xcassets in Resources */ = {isa = PBXBuildFile; fileRef = 8B72C3E82C25EDA7008DF1AF /* Preview Assets.xcassets */; };
		8B72C3EB2C25EDA7008DF1AF /* Persistence.swift in Sources */ = {isa = PBXBuildFile; fileRef = 8B72C3EA2C25EDA7008DF1AF /* Persistence.swift */; };
		8B72C3EE2C25EDA7008DF1AF /* Trilium_Client.xcdatamodeld in Sources */ = {isa = PBXBuildFile; fileRef = 8B72C3EC2C25EDA7008DF1AF /* Trilium_Client.xcdatamodeld */; };
		8B72C3F82C25EDA7008DF1AF /* Trilium_ClientTests.swift in Sources */ = {isa = PBXBuildFile; fileRef = 8B72C3F72C25EDA7008DF1AF /* Trilium_ClientTests.swift */; };
		8B72C4022C25EDA7008DF1AF /* Trilium_ClientUITests.swift in Sources */ = {isa = PBXBuildFile; fileRef = 8B72C4012C25EDA7008DF1AF /* Trilium_ClientUITests.swift */; };
		8B72C4042C25EDA7008DF1AF /* Trilium_ClientUITestsLaunchTests.swift in Sources */ = {isa = PBXBuildFile; fileRef = 8B72C4032C25EDA7008DF1AF /* Trilium_ClientUITestsLaunchTests.swift */; };
		8B72C4152C25F11E008DF1AF /* SetupView.swift in Sources */ = {isa = PBXBuildFile; fileRef = 8B72C4142C25F11E008DF1AF /* SetupView.swift */; };
		8B72C41B2C270CFA008DF1AF /* HomeView.swift in Sources */ = {isa = PBXBuildFile; fileRef = 8B72C41A2C270CFA008DF1AF /* HomeView.swift */; };
		8B72C41D2C270D6A008DF1AF /* Note.swift in Sources */ = {isa = PBXBuildFile; fileRef = 8B72C41C2C270D6A008DF1AF /* Note.swift */; };
		8B72C4212C272DA7008DF1AF /* NoteRow.swift in Sources */ = {isa = PBXBuildFile; fileRef = 8B72C4202C272DA7008DF1AF /* NoteRow.swift */; };
		8B72C4232C2734D7008DF1AF /* NoteListView.swift in Sources */ = {isa = PBXBuildFile; fileRef = 8B72C4222C2734D7008DF1AF /* NoteListView.swift */; };
		8B72C4252C273635008DF1AF /* noteData.json in Resources */ = {isa = PBXBuildFile; fileRef = 8B72C4242C273635008DF1AF /* noteData.json */; };
		8B72C4272C273879008DF1AF /* NotesViewModel.swift in Sources */ = {isa = PBXBuildFile; fileRef = 8B72C4262C273879008DF1AF /* NotesViewModel.swift */; };
		8B72C4292C274F9B008DF1AF /* NoteContentView.swift in Sources */ = {isa = PBXBuildFile; fileRef = 8B72C4282C274F9B008DF1AF /* NoteContentView.swift */; };
		8B72C4302C2852A7008DF1AF /* APIHelper.swift in Sources */ = {isa = PBXBuildFile; fileRef = 8B72C42F2C2852A7008DF1AF /* APIHelper.swift */; };
		8B86B6FB2C497127005A53F7 /* UIApplication+topMostViewController.swift in Sources */ = {isa = PBXBuildFile; fileRef = 8B86B6FA2C497127005A53F7 /* UIApplication+topMostViewController.swift */; };
		8B86B6FD2C4971CA005A53F7 /* UIViewController+topMostViewController.swift in Sources */ = {isa = PBXBuildFile; fileRef = 8B86B6FC2C4971CA005A53F7 /* UIViewController+topMostViewController.swift */; };
		8B87DA302C42C0F50016E4CA /* Toolbar.swift in Sources */ = {isa = PBXBuildFile; fileRef = 8B87DA2F2C42C0F50016E4CA /* Toolbar.swift */; };
		8BBC79192C2DCAEC008ABFDA /* GettingStartedView.swift in Sources */ = {isa = PBXBuildFile; fileRef = 8BBC79182C2DCAEC008ABFDA /* GettingStartedView.swift */; };
		8BBC791B2C2DCCEF008ABFDA /* ContentView.swift in Sources */ = {isa = PBXBuildFile; fileRef = 8BBC791A2C2DCCEF008ABFDA /* ContentView.swift */; };
		8BBE64582C2C8A80006B6A4D /* ViewRouter.swift in Sources */ = {isa = PBXBuildFile; fileRef = 8BBE64572C2C8A80006B6A4D /* ViewRouter.swift */; };
		8BCF89882C419801009E692E /* RichTextEditor.swift in Sources */ = {isa = PBXBuildFile; fileRef = 8BCF89872C419801009E692E /* RichTextEditor.swift */; };
/* End PBXBuildFile section */

/* Begin PBXContainerItemProxy section */
		8B72C3F42C25EDA7008DF1AF /* PBXContainerItemProxy */ = {
			isa = PBXContainerItemProxy;
			containerPortal = 8B72C3D62C25EDA5008DF1AF /* Project object */;
			proxyType = 1;
			remoteGlobalIDString = 8B72C3DD2C25EDA5008DF1AF;
			remoteInfo = "Trilium Client";
		};
		8B72C3FE2C25EDA7008DF1AF /* PBXContainerItemProxy */ = {
			isa = PBXContainerItemProxy;
			containerPortal = 8B72C3D62C25EDA5008DF1AF /* Project object */;
			proxyType = 1;
			remoteGlobalIDString = 8B72C3DD2C25EDA5008DF1AF;
			remoteInfo = "Trilium Client";
		};
/* End PBXContainerItemProxy section */

/* Begin PBXFileReference section */
		8B0F74EF2C359E3900265A96 /* RouterView.swift */ = {isa = PBXFileReference; lastKnownFileType = sourcecode.swift; path = RouterView.swift; sourceTree = "<group>"; };
		8B72C3DE2C25EDA5008DF1AF /* Trilium Client.app */ = {isa = PBXFileReference; explicitFileType = wrapper.application; includeInIndex = 0; path = "Trilium Client.app"; sourceTree = BUILT_PRODUCTS_DIR; };
		8B72C3E12C25EDA5008DF1AF /* Trilium_ClientApp.swift */ = {isa = PBXFileReference; lastKnownFileType = sourcecode.swift; path = Trilium_ClientApp.swift; sourceTree = "<group>"; };
		8B72C3E52C25EDA7008DF1AF /* Assets.xcassets */ = {isa = PBXFileReference; lastKnownFileType = folder.assetcatalog; path = Assets.xcassets; sourceTree = "<group>"; };
		8B72C3E82C25EDA7008DF1AF /* Preview Assets.xcassets */ = {isa = PBXFileReference; lastKnownFileType = folder.assetcatalog; path = "Preview Assets.xcassets"; sourceTree = "<group>"; };
		8B72C3EA2C25EDA7008DF1AF /* Persistence.swift */ = {isa = PBXFileReference; lastKnownFileType = sourcecode.swift; path = Persistence.swift; sourceTree = "<group>"; };
		8B72C3ED2C25EDA7008DF1AF /* Trilium_Client.xcdatamodel */ = {isa = PBXFileReference; lastKnownFileType = wrapper.xcdatamodel; path = Trilium_Client.xcdatamodel; sourceTree = "<group>"; };
		8B72C3F32C25EDA7008DF1AF /* Trilium ClientTests.xctest */ = {isa = PBXFileReference; explicitFileType = wrapper.cfbundle; includeInIndex = 0; path = "Trilium ClientTests.xctest"; sourceTree = BUILT_PRODUCTS_DIR; };
		8B72C3F72C25EDA7008DF1AF /* Trilium_ClientTests.swift */ = {isa = PBXFileReference; lastKnownFileType = sourcecode.swift; path = Trilium_ClientTests.swift; sourceTree = "<group>"; };
		8B72C3FD2C25EDA7008DF1AF /* Trilium ClientUITests.xctest */ = {isa = PBXFileReference; explicitFileType = wrapper.cfbundle; includeInIndex = 0; path = "Trilium ClientUITests.xctest"; sourceTree = BUILT_PRODUCTS_DIR; };
		8B72C4012C25EDA7008DF1AF /* Trilium_ClientUITests.swift */ = {isa = PBXFileReference; lastKnownFileType = sourcecode.swift; path = Trilium_ClientUITests.swift; sourceTree = "<group>"; };
		8B72C4032C25EDA7008DF1AF /* Trilium_ClientUITestsLaunchTests.swift */ = {isa = PBXFileReference; lastKnownFileType = sourcecode.swift; path = Trilium_ClientUITestsLaunchTests.swift; sourceTree = "<group>"; };
		8B72C4142C25F11E008DF1AF /* SetupView.swift */ = {isa = PBXFileReference; lastKnownFileType = sourcecode.swift; path = SetupView.swift; sourceTree = "<group>"; };
		8B72C41A2C270CFA008DF1AF /* HomeView.swift */ = {isa = PBXFileReference; lastKnownFileType = sourcecode.swift; path = HomeView.swift; sourceTree = "<group>"; };
		8B72C41C2C270D6A008DF1AF /* Note.swift */ = {isa = PBXFileReference; lastKnownFileType = sourcecode.swift; path = Note.swift; sourceTree = "<group>"; };
		8B72C4202C272DA7008DF1AF /* NoteRow.swift */ = {isa = PBXFileReference; lastKnownFileType = sourcecode.swift; path = NoteRow.swift; sourceTree = "<group>"; };
		8B72C4222C2734D7008DF1AF /* NoteListView.swift */ = {isa = PBXFileReference; lastKnownFileType = sourcecode.swift; path = NoteListView.swift; sourceTree = "<group>"; };
		8B72C4242C273635008DF1AF /* noteData.json */ = {isa = PBXFileReference; lastKnownFileType = text.json; path = noteData.json; sourceTree = "<group>"; };
		8B72C4262C273879008DF1AF /* NotesViewModel.swift */ = {isa = PBXFileReference; lastKnownFileType = sourcecode.swift; path = NotesViewModel.swift; sourceTree = "<group>"; };
		8B72C4282C274F9B008DF1AF /* NoteContentView.swift */ = {isa = PBXFileReference; lastKnownFileType = sourcecode.swift; path = NoteContentView.swift; sourceTree = "<group>"; };
		8B72C42F2C2852A7008DF1AF /* APIHelper.swift */ = {isa = PBXFileReference; lastKnownFileType = sourcecode.swift; path = APIHelper.swift; sourceTree = "<group>"; };
		8B86B6FA2C497127005A53F7 /* UIApplication+topMostViewController.swift */ = {isa = PBXFileReference; lastKnownFileType = sourcecode.swift; path = "UIApplication+topMostViewController.swift"; sourceTree = "<group>"; };
		8B86B6FC2C4971CA005A53F7 /* UIViewController+topMostViewController.swift */ = {isa = PBXFileReference; lastKnownFileType = sourcecode.swift; path = "UIViewController+topMostViewController.swift"; sourceTree = "<group>"; };
		8B87DA2F2C42C0F50016E4CA /* Toolbar.swift */ = {isa = PBXFileReference; lastKnownFileType = sourcecode.swift; path = Toolbar.swift; sourceTree = "<group>"; };
		8BBC79182C2DCAEC008ABFDA /* GettingStartedView.swift */ = {isa = PBXFileReference; lastKnownFileType = sourcecode.swift; path = GettingStartedView.swift; sourceTree = "<group>"; };
		8BBC791A2C2DCCEF008ABFDA /* ContentView.swift */ = {isa = PBXFileReference; fileEncoding = 4; lastKnownFileType = sourcecode.swift; path = ContentView.swift; sourceTree = "<group>"; };
		8BBE64572C2C8A80006B6A4D /* ViewRouter.swift */ = {isa = PBXFileReference; lastKnownFileType = sourcecode.swift; path = ViewRouter.swift; sourceTree = "<group>"; };
		8BCF89872C419801009E692E /* RichTextEditor.swift */ = {isa = PBXFileReference; lastKnownFileType = sourcecode.swift; path = RichTextEditor.swift; sourceTree = "<group>"; };
/* End PBXFileReference section */

/* Begin PBXFrameworksBuildPhase section */
		8B72C3DB2C25EDA5008DF1AF /* Frameworks */ = {
			isa = PBXFrameworksBuildPhase;
			buildActionMask = 2147483647;
			files = (
				8B605B122C39570B0029936B /* Alamofire in Frameworks */,
			);
			runOnlyForDeploymentPostprocessing = 0;
		};
		8B72C3F02C25EDA7008DF1AF /* Frameworks */ = {
			isa = PBXFrameworksBuildPhase;
			buildActionMask = 2147483647;
			files = (
			);
			runOnlyForDeploymentPostprocessing = 0;
		};
		8B72C3FA2C25EDA7008DF1AF /* Frameworks */ = {
			isa = PBXFrameworksBuildPhase;
			buildActionMask = 2147483647;
			files = (
			);
			runOnlyForDeploymentPostprocessing = 0;
		};
/* End PBXFrameworksBuildPhase section */

/* Begin PBXGroup section */
		8B72C3D52C25EDA5008DF1AF = {
			isa = PBXGroup;
			children = (
				8B72C3E02C25EDA5008DF1AF /* Trilium Client */,
				8B72C3F62C25EDA7008DF1AF /* Trilium ClientTests */,
				8B72C4002C25EDA7008DF1AF /* Trilium ClientUITests */,
				8B72C3DF2C25EDA5008DF1AF /* Products */,
			);
			sourceTree = "<group>";
		};
		8B72C3DF2C25EDA5008DF1AF /* Products */ = {
			isa = PBXGroup;
			children = (
				8B72C3DE2C25EDA5008DF1AF /* Trilium Client.app */,
				8B72C3F32C25EDA7008DF1AF /* Trilium ClientTests.xctest */,
				8B72C3FD2C25EDA7008DF1AF /* Trilium ClientUITests.xctest */,
			);
			name = Products;
			sourceTree = "<group>";
		};
		8B72C3E02C25EDA5008DF1AF /* Trilium Client */ = {
			isa = PBXGroup;
			children = (
				8B72C4132C25F0EF008DF1AF /* Libraries */,
				8B72C4122C25F0DB008DF1AF /* Helpers */,
				8B72C4112C25F0CF008DF1AF /* Components */,
				8B72C4102C25F0BF008DF1AF /* Views */,
				8B72C3E12C25EDA5008DF1AF /* Trilium_ClientApp.swift */,
				8BBC791A2C2DCCEF008ABFDA /* ContentView.swift */,
				8B72C3E52C25EDA7008DF1AF /* Assets.xcassets */,
				8B72C3EA2C25EDA7008DF1AF /* Persistence.swift */,
				8B72C4242C273635008DF1AF /* noteData.json */,
				8B72C3EC2C25EDA7008DF1AF /* Trilium_Client.xcdatamodeld */,
				8B72C3E72C25EDA7008DF1AF /* Preview Content */,
			);
			path = "Trilium Client";
			sourceTree = "<group>";
		};
		8B72C3E72C25EDA7008DF1AF /* Preview Content */ = {
			isa = PBXGroup;
			children = (
				8B72C3E82C25EDA7008DF1AF /* Preview Assets.xcassets */,
			);
			path = "Preview Content";
			sourceTree = "<group>";
		};
		8B72C3F62C25EDA7008DF1AF /* Trilium ClientTests */ = {
			isa = PBXGroup;
			children = (
				8B72C3F72C25EDA7008DF1AF /* Trilium_ClientTests.swift */,
			);
			path = "Trilium ClientTests";
			sourceTree = "<group>";
		};
		8B72C4002C25EDA7008DF1AF /* Trilium ClientUITests */ = {
			isa = PBXGroup;
			children = (
				8B72C4012C25EDA7008DF1AF /* Trilium_ClientUITests.swift */,
				8B72C4032C25EDA7008DF1AF /* Trilium_ClientUITestsLaunchTests.swift */,
			);
			path = "Trilium ClientUITests";
			sourceTree = "<group>";
		};
		8B72C4102C25F0BF008DF1AF /* Views */ = {
			isa = PBXGroup;
			children = (
				8B72C4142C25F11E008DF1AF /* SetupView.swift */,
				8BBC79182C2DCAEC008ABFDA /* GettingStartedView.swift */,
				8B72C41A2C270CFA008DF1AF /* HomeView.swift */,
				8B0F74EF2C359E3900265A96 /* RouterView.swift */,
			);
			path = Views;
			sourceTree = "<group>";
		};
		8B72C4112C25F0CF008DF1AF /* Components */ = {
			isa = PBXGroup;
			children = (
				8B72C4202C272DA7008DF1AF /* NoteRow.swift */,
				8B72C4222C2734D7008DF1AF /* NoteListView.swift */,
				8B72C4282C274F9B008DF1AF /* NoteContentView.swift */,
			);
			path = Components;
			sourceTree = "<group>";
		};
		8B72C4122C25F0DB008DF1AF /* Helpers */ = {
			isa = PBXGroup;
			children = (
				8B72C41C2C270D6A008DF1AF /* Note.swift */,
				8B72C4262C273879008DF1AF /* NotesViewModel.swift */,
				8B72C42F2C2852A7008DF1AF /* APIHelper.swift */,
				8BBE64572C2C8A80006B6A4D /* ViewRouter.swift */,
				8B86B6FA2C497127005A53F7 /* UIApplication+topMostViewController.swift */,
				8B86B6FC2C4971CA005A53F7 /* UIViewController+topMostViewController.swift */,
			);
			path = Helpers;
			sourceTree = "<group>";
		};
		8B72C4132C25F0EF008DF1AF /* Libraries */ = {
			isa = PBXGroup;
			children = (
				8BCF89872C419801009E692E /* RichTextEditor.swift */,
				8B87DA2F2C42C0F50016E4CA /* Toolbar.swift */,
			);
			path = Libraries;
			sourceTree = "<group>";
		};
/* End PBXGroup section */

/* Begin PBXNativeTarget section */
		8B72C3DD2C25EDA5008DF1AF /* Trilium Client */ = {
			isa = PBXNativeTarget;
			buildConfigurationList = 8B72C4072C25EDA7008DF1AF /* Build configuration list for PBXNativeTarget "Trilium Client" */;
			buildPhases = (
				8B72C3DA2C25EDA5008DF1AF /* Sources */,
				8B72C3DB2C25EDA5008DF1AF /* Frameworks */,
				8B72C3DC2C25EDA5008DF1AF /* Resources */,
			);
			buildRules = (
			);
			dependencies = (
			);
			name = "Trilium Client";
			packageProductDependencies = (
				8B605B112C39570B0029936B /* Alamofire */,
			);
			productName = "Trilium Client";
			productReference = 8B72C3DE2C25EDA5008DF1AF /* Trilium Client.app */;
			productType = "com.apple.product-type.application";
		};
		8B72C3F22C25EDA7008DF1AF /* Trilium ClientTests */ = {
			isa = PBXNativeTarget;
			buildConfigurationList = 8B72C40A2C25EDA7008DF1AF /* Build configuration list for PBXNativeTarget "Trilium ClientTests" */;
			buildPhases = (
				8B72C3EF2C25EDA7008DF1AF /* Sources */,
				8B72C3F02C25EDA7008DF1AF /* Frameworks */,
				8B72C3F12C25EDA7008DF1AF /* Resources */,
			);
			buildRules = (
			);
			dependencies = (
				8B72C3F52C25EDA7008DF1AF /* PBXTargetDependency */,
			);
			name = "Trilium ClientTests";
			productName = "Trilium ClientTests";
			productReference = 8B72C3F32C25EDA7008DF1AF /* Trilium ClientTests.xctest */;
			productType = "com.apple.product-type.bundle.unit-test";
		};
		8B72C3FC2C25EDA7008DF1AF /* Trilium ClientUITests */ = {
			isa = PBXNativeTarget;
			buildConfigurationList = 8B72C40D2C25EDA7008DF1AF /* Build configuration list for PBXNativeTarget "Trilium ClientUITests" */;
			buildPhases = (
				8B72C3F92C25EDA7008DF1AF /* Sources */,
				8B72C3FA2C25EDA7008DF1AF /* Frameworks */,
				8B72C3FB2C25EDA7008DF1AF /* Resources */,
			);
			buildRules = (
			);
			dependencies = (
				8B72C3FF2C25EDA7008DF1AF /* PBXTargetDependency */,
			);
			name = "Trilium ClientUITests";
			productName = "Trilium ClientUITests";
			productReference = 8B72C3FD2C25EDA7008DF1AF /* Trilium ClientUITests.xctest */;
			productType = "com.apple.product-type.bundle.ui-testing";
		};
/* End PBXNativeTarget section */

/* Begin PBXProject section */
		8B72C3D62C25EDA5008DF1AF /* Project object */ = {
			isa = PBXProject;
			attributes = {
				BuildIndependentTargetsInParallel = 1;
				LastSwiftUpdateCheck = 1520;
				LastUpgradeCheck = 1520;
				TargetAttributes = {
					8B72C3DD2C25EDA5008DF1AF = {
						CreatedOnToolsVersion = 15.2;
					};
					8B72C3F22C25EDA7008DF1AF = {
						CreatedOnToolsVersion = 15.2;
						TestTargetID = 8B72C3DD2C25EDA5008DF1AF;
					};
					8B72C3FC2C25EDA7008DF1AF = {
						CreatedOnToolsVersion = 15.2;
						TestTargetID = 8B72C3DD2C25EDA5008DF1AF;
					};
				};
			};
			buildConfigurationList = 8B72C3D92C25EDA5008DF1AF /* Build configuration list for PBXProject "Trilium Client" */;
			compatibilityVersion = "Xcode 14.0";
			developmentRegion = en;
			hasScannedForEncodings = 0;
			knownRegions = (
				en,
				Base,
			);
			mainGroup = 8B72C3D52C25EDA5008DF1AF;
			packageReferences = (
				8B605B102C39570B0029936B /* XCRemoteSwiftPackageReference "Alamofire" */,
			);
			productRefGroup = 8B72C3DF2C25EDA5008DF1AF /* Products */;
			projectDirPath = "";
			projectRoot = "";
			targets = (
				8B72C3DD2C25EDA5008DF1AF /* Trilium Client */,
				8B72C3F22C25EDA7008DF1AF /* Trilium ClientTests */,
				8B72C3FC2C25EDA7008DF1AF /* Trilium ClientUITests */,
			);
		};
/* End PBXProject section */

/* Begin PBXResourcesBuildPhase section */
		8B72C3DC2C25EDA5008DF1AF /* Resources */ = {
			isa = PBXResourcesBuildPhase;
			buildActionMask = 2147483647;
			files = (
				8B72C4252C273635008DF1AF /* noteData.json in Resources */,
				8B72C3E92C25EDA7008DF1AF /* Preview Assets.xcassets in Resources */,
				8B72C3E62C25EDA7008DF1AF /* Assets.xcassets in Resources */,
			);
			runOnlyForDeploymentPostprocessing = 0;
		};
		8B72C3F12C25EDA7008DF1AF /* Resources */ = {
			isa = PBXResourcesBuildPhase;
			buildActionMask = 2147483647;
			files = (
			);
			runOnlyForDeploymentPostprocessing = 0;
		};
		8B72C3FB2C25EDA7008DF1AF /* Resources */ = {
			isa = PBXResourcesBuildPhase;
			buildActionMask = 2147483647;
			files = (
			);
			runOnlyForDeploymentPostprocessing = 0;
		};
/* End PBXResourcesBuildPhase section */

/* Begin PBXSourcesBuildPhase section */
		8B72C3DA2C25EDA5008DF1AF /* Sources */ = {
			isa = PBXSourcesBuildPhase;
			buildActionMask = 2147483647;
			files = (
				8B72C4302C2852A7008DF1AF /* APIHelper.swift in Sources */,
				8BCF89882C419801009E692E /* RichTextEditor.swift in Sources */,
				8B72C4292C274F9B008DF1AF /* NoteContentView.swift in Sources */,
				8BBC791B2C2DCCEF008ABFDA /* ContentView.swift in Sources */,
				8B72C3EB2C25EDA7008DF1AF /* Persistence.swift in Sources */,
				8BBE64582C2C8A80006B6A4D /* ViewRouter.swift in Sources */,
				8B72C4232C2734D7008DF1AF /* NoteListView.swift in Sources */,
				8B72C41D2C270D6A008DF1AF /* Note.swift in Sources */,
				8B72C3E22C25EDA5008DF1AF /* Trilium_ClientApp.swift in Sources */,
				8BBC79192C2DCAEC008ABFDA /* GettingStartedView.swift in Sources */,
				8B87DA302C42C0F50016E4CA /* Toolbar.swift in Sources */,
				8B86B6FD2C4971CA005A53F7 /* UIViewController+topMostViewController.swift in Sources */,
				8B0F74F02C359E3900265A96 /* RouterView.swift in Sources */,
				8B72C4152C25F11E008DF1AF /* SetupView.swift in Sources */,
				8B72C41B2C270CFA008DF1AF /* HomeView.swift in Sources */,
				8B72C4272C273879008DF1AF /* NotesViewModel.swift in Sources */,
				8B86B6FB2C497127005A53F7 /* UIApplication+topMostViewController.swift in Sources */,
				8B72C4212C272DA7008DF1AF /* NoteRow.swift in Sources */,
				8B72C3EE2C25EDA7008DF1AF /* Trilium_Client.xcdatamodeld in Sources */,
			);
			runOnlyForDeploymentPostprocessing = 0;
		};
		8B72C3EF2C25EDA7008DF1AF /* Sources */ = {
			isa = PBXSourcesBuildPhase;
			buildActionMask = 2147483647;
			files = (
				8B72C3F82C25EDA7008DF1AF /* Trilium_ClientTests.swift in Sources */,
			);
			runOnlyForDeploymentPostprocessing = 0;
		};
		8B72C3F92C25EDA7008DF1AF /* Sources */ = {
			isa = PBXSourcesBuildPhase;
			buildActionMask = 2147483647;
			files = (
				8B72C4042C25EDA7008DF1AF /* Trilium_ClientUITestsLaunchTests.swift in Sources */,
				8B72C4022C25EDA7008DF1AF /* Trilium_ClientUITests.swift in Sources */,
			);
			runOnlyForDeploymentPostprocessing = 0;
		};
/* End PBXSourcesBuildPhase section */

/* Begin PBXTargetDependency section */
		8B72C3F52C25EDA7008DF1AF /* PBXTargetDependency */ = {
			isa = PBXTargetDependency;
			target = 8B72C3DD2C25EDA5008DF1AF /* Trilium Client */;
			targetProxy = 8B72C3F42C25EDA7008DF1AF /* PBXContainerItemProxy */;
		};
		8B72C3FF2C25EDA7008DF1AF /* PBXTargetDependency */ = {
			isa = PBXTargetDependency;
			target = 8B72C3DD2C25EDA5008DF1AF /* Trilium Client */;
			targetProxy = 8B72C3FE2C25EDA7008DF1AF /* PBXContainerItemProxy */;
		};
/* End PBXTargetDependency section */

/* Begin XCBuildConfiguration section */
		8B72C4052C25EDA7008DF1AF /* Debug */ = {
			isa = XCBuildConfiguration;
			buildSettings = {
				ALWAYS_SEARCH_USER_PATHS = NO;
				ASSETCATALOG_COMPILER_GENERATE_SWIFT_ASSET_SYMBOL_EXTENSIONS = YES;
				CLANG_ANALYZER_NONNULL = YES;
				CLANG_ANALYZER_NUMBER_OBJECT_CONVERSION = YES_AGGRESSIVE;
				CLANG_CXX_LANGUAGE_STANDARD = "gnu++20";
				CLANG_ENABLE_MODULES = YES;
				CLANG_ENABLE_OBJC_ARC = YES;
				CLANG_ENABLE_OBJC_WEAK = YES;
				CLANG_WARN_BLOCK_CAPTURE_AUTORELEASING = YES;
				CLANG_WARN_BOOL_CONVERSION = YES;
				CLANG_WARN_COMMA = YES;
				CLANG_WARN_CONSTANT_CONVERSION = YES;
				CLANG_WARN_DEPRECATED_OBJC_IMPLEMENTATIONS = YES;
				CLANG_WARN_DIRECT_OBJC_ISA_USAGE = YES_ERROR;
				CLANG_WARN_DOCUMENTATION_COMMENTS = YES;
				CLANG_WARN_EMPTY_BODY = YES;
				CLANG_WARN_ENUM_CONVERSION = YES;
				CLANG_WARN_INFINITE_RECURSION = YES;
				CLANG_WARN_INT_CONVERSION = YES;
				CLANG_WARN_NON_LITERAL_NULL_CONVERSION = YES;
				CLANG_WARN_OBJC_IMPLICIT_RETAIN_SELF = YES;
				CLANG_WARN_OBJC_LITERAL_CONVERSION = YES;
				CLANG_WARN_OBJC_ROOT_CLASS = YES_ERROR;
				CLANG_WARN_QUOTED_INCLUDE_IN_FRAMEWORK_HEADER = YES;
				CLANG_WARN_RANGE_LOOP_ANALYSIS = YES;
				CLANG_WARN_STRICT_PROTOTYPES = YES;
				CLANG_WARN_SUSPICIOUS_MOVE = YES;
				CLANG_WARN_UNGUARDED_AVAILABILITY = YES_AGGRESSIVE;
				CLANG_WARN_UNREACHABLE_CODE = YES;
				CLANG_WARN__DUPLICATE_METHOD_MATCH = YES;
				COPY_PHASE_STRIP = NO;
				DEBUG_INFORMATION_FORMAT = dwarf;
				ENABLE_STRICT_OBJC_MSGSEND = YES;
				ENABLE_TESTABILITY = YES;
				ENABLE_USER_SCRIPT_SANDBOXING = YES;
				GCC_C_LANGUAGE_STANDARD = gnu17;
				GCC_DYNAMIC_NO_PIC = NO;
				GCC_NO_COMMON_BLOCKS = YES;
				GCC_OPTIMIZATION_LEVEL = 0;
				GCC_PREPROCESSOR_DEFINITIONS = (
					"DEBUG=1",
					"$(inherited)",
				);
				GCC_WARN_64_TO_32_BIT_CONVERSION = YES;
				GCC_WARN_ABOUT_RETURN_TYPE = YES_ERROR;
				GCC_WARN_UNDECLARED_SELECTOR = YES;
				GCC_WARN_UNINITIALIZED_AUTOS = YES_AGGRESSIVE;
				GCC_WARN_UNUSED_FUNCTION = YES;
				GCC_WARN_UNUSED_VARIABLE = YES;
				IPHONEOS_DEPLOYMENT_TARGET = 16.0;
				LOCALIZATION_PREFERS_STRING_CATALOGS = YES;
				MTL_ENABLE_DEBUG_INFO = INCLUDE_SOURCE;
				MTL_FAST_MATH = YES;
				ONLY_ACTIVE_ARCH = YES;
				SDKROOT = iphoneos;
				SWIFT_ACTIVE_COMPILATION_CONDITIONS = "DEBUG $(inherited)";
				SWIFT_OPTIMIZATION_LEVEL = "-Onone";
			};
			name = Debug;
		};
		8B72C4062C25EDA7008DF1AF /* Release */ = {
			isa = XCBuildConfiguration;
			buildSettings = {
				ALWAYS_SEARCH_USER_PATHS = NO;
				ASSETCATALOG_COMPILER_GENERATE_SWIFT_ASSET_SYMBOL_EXTENSIONS = YES;
				CLANG_ANALYZER_NONNULL = YES;
				CLANG_ANALYZER_NUMBER_OBJECT_CONVERSION = YES_AGGRESSIVE;
				CLANG_CXX_LANGUAGE_STANDARD = "gnu++20";
				CLANG_ENABLE_MODULES = YES;
				CLANG_ENABLE_OBJC_ARC = YES;
				CLANG_ENABLE_OBJC_WEAK = YES;
				CLANG_WARN_BLOCK_CAPTURE_AUTORELEASING = YES;
				CLANG_WARN_BOOL_CONVERSION = YES;
				CLANG_WARN_COMMA = YES;
				CLANG_WARN_CONSTANT_CONVERSION = YES;
				CLANG_WARN_DEPRECATED_OBJC_IMPLEMENTATIONS = YES;
				CLANG_WARN_DIRECT_OBJC_ISA_USAGE = YES_ERROR;
				CLANG_WARN_DOCUMENTATION_COMMENTS = YES;
				CLANG_WARN_EMPTY_BODY = YES;
				CLANG_WARN_ENUM_CONVERSION = YES;
				CLANG_WARN_INFINITE_RECURSION = YES;
				CLANG_WARN_INT_CONVERSION = YES;
				CLANG_WARN_NON_LITERAL_NULL_CONVERSION = YES;
				CLANG_WARN_OBJC_IMPLICIT_RETAIN_SELF = YES;
				CLANG_WARN_OBJC_LITERAL_CONVERSION = YES;
				CLANG_WARN_OBJC_ROOT_CLASS = YES_ERROR;
				CLANG_WARN_QUOTED_INCLUDE_IN_FRAMEWORK_HEADER = YES;
				CLANG_WARN_RANGE_LOOP_ANALYSIS = YES;
				CLANG_WARN_STRICT_PROTOTYPES = YES;
				CLANG_WARN_SUSPICIOUS_MOVE = YES;
				CLANG_WARN_UNGUARDED_AVAILABILITY = YES_AGGRESSIVE;
				CLANG_WARN_UNREACHABLE_CODE = YES;
				CLANG_WARN__DUPLICATE_METHOD_MATCH = YES;
				COPY_PHASE_STRIP = NO;
				DEBUG_INFORMATION_FORMAT = "dwarf-with-dsym";
				ENABLE_NS_ASSERTIONS = NO;
				ENABLE_STRICT_OBJC_MSGSEND = YES;
				ENABLE_USER_SCRIPT_SANDBOXING = YES;
				GCC_C_LANGUAGE_STANDARD = gnu17;
				GCC_NO_COMMON_BLOCKS = YES;
				GCC_WARN_64_TO_32_BIT_CONVERSION = YES;
				GCC_WARN_ABOUT_RETURN_TYPE = YES_ERROR;
				GCC_WARN_UNDECLARED_SELECTOR = YES;
				GCC_WARN_UNINITIALIZED_AUTOS = YES_AGGRESSIVE;
				GCC_WARN_UNUSED_FUNCTION = YES;
				GCC_WARN_UNUSED_VARIABLE = YES;
				IPHONEOS_DEPLOYMENT_TARGET = 16.0;
				LOCALIZATION_PREFERS_STRING_CATALOGS = YES;
				MTL_ENABLE_DEBUG_INFO = NO;
				MTL_FAST_MATH = YES;
				SDKROOT = iphoneos;
				SWIFT_COMPILATION_MODE = wholemodule;
				VALIDATE_PRODUCT = YES;
			};
			name = Release;
		};
		8B72C4082C25EDA7008DF1AF /* Debug */ = {
			isa = XCBuildConfiguration;
			buildSettings = {
				ASSETCATALOG_COMPILER_APPICON_NAME = AppIcon;
				ASSETCATALOG_COMPILER_GLOBAL_ACCENT_COLOR_NAME = AccentColor;
				CODE_SIGN_STYLE = Automatic;
				CURRENT_PROJECT_VERSION = 1;
				DEVELOPMENT_ASSET_PATHS = "\"Trilium Client/Preview Content\"";
				DEVELOPMENT_TEAM = YX582Y737P;
				ENABLE_PREVIEWS = YES;
				GENERATE_INFOPLIST_FILE = YES;
				INFOPLIST_KEY_CFBundleDisplayName = "Trilium Notes";
				INFOPLIST_KEY_LSApplicationCategoryType = "public.app-category.developer-tools";
				INFOPLIST_KEY_UIApplicationSceneManifest_Generation = YES;
				INFOPLIST_KEY_UIApplicationSupportsIndirectInputEvents = YES;
				INFOPLIST_KEY_UILaunchScreen_Generation = YES;
				INFOPLIST_KEY_UISupportedInterfaceOrientations_iPad = "UIInterfaceOrientationPortrait UIInterfaceOrientationPortraitUpsideDown UIInterfaceOrientationLandscapeLeft UIInterfaceOrientationLandscapeRight";
				INFOPLIST_KEY_UISupportedInterfaceOrientations_iPhone = "UIInterfaceOrientationPortrait UIInterfaceOrientationLandscapeLeft UIInterfaceOrientationLandscapeRight";
				IPHONEOS_DEPLOYMENT_TARGET = 16.0;
				LD_RUNPATH_SEARCH_PATHS = (
					"$(inherited)",
					"@executable_path/Frameworks",
				);
				MARKETING_VERSION = 1.0;
				PRODUCT_BUNDLE_IDENTIFIER = "com.kaotd.Trilium-Client";
				PRODUCT_NAME = "$(TARGET_NAME)";
				SWIFT_EMIT_LOC_STRINGS = YES;
				SWIFT_VERSION = 5.0;
				TARGETED_DEVICE_FAMILY = "1,2";
			};
			name = Debug;
		};
		8B72C4092C25EDA7008DF1AF /* Release */ = {
			isa = XCBuildConfiguration;
			buildSettings = {
				ASSETCATALOG_COMPILER_APPICON_NAME = AppIcon;
				ASSETCATALOG_COMPILER_GLOBAL_ACCENT_COLOR_NAME = AccentColor;
				CODE_SIGN_STYLE = Automatic;
				CURRENT_PROJECT_VERSION = 1;
				DEVELOPMENT_ASSET_PATHS = "\"Trilium Client/Preview Content\"";
				DEVELOPMENT_TEAM = YX582Y737P;
				ENABLE_PREVIEWS = YES;
				GENERATE_INFOPLIST_FILE = YES;
				INFOPLIST_KEY_CFBundleDisplayName = "Trilium Notes";
				INFOPLIST_KEY_LSApplicationCategoryType = "public.app-category.developer-tools";
				INFOPLIST_KEY_UIApplicationSceneManifest_Generation = YES;
				INFOPLIST_KEY_UIApplicationSupportsIndirectInputEvents = YES;
				INFOPLIST_KEY_UILaunchScreen_Generation = YES;
				INFOPLIST_KEY_UISupportedInterfaceOrientations_iPad = "UIInterfaceOrientationPortrait UIInterfaceOrientationPortraitUpsideDown UIInterfaceOrientationLandscapeLeft UIInterfaceOrientationLandscapeRight";
				INFOPLIST_KEY_UISupportedInterfaceOrientations_iPhone = "UIInterfaceOrientationPortrait UIInterfaceOrientationLandscapeLeft UIInterfaceOrientationLandscapeRight";
				IPHONEOS_DEPLOYMENT_TARGET = 16.0;
				LD_RUNPATH_SEARCH_PATHS = (
					"$(inherited)",
					"@executable_path/Frameworks",
				);
				MARKETING_VERSION = 1.0;
				PRODUCT_BUNDLE_IDENTIFIER = "com.kaotd.Trilium-Client";
				PRODUCT_NAME = "$(TARGET_NAME)";
				SWIFT_EMIT_LOC_STRINGS = YES;
				SWIFT_VERSION = 5.0;
				TARGETED_DEVICE_FAMILY = "1,2";
			};
			name = Release;
		};
		8B72C40B2C25EDA7008DF1AF /* Debug */ = {
			isa = XCBuildConfiguration;
			buildSettings = {
				ALWAYS_EMBED_SWIFT_STANDARD_LIBRARIES = YES;
				BUNDLE_LOADER = "$(TEST_HOST)";
				CODE_SIGN_STYLE = Automatic;
				CURRENT_PROJECT_VERSION = 1;
				DEVELOPMENT_TEAM = YX582Y737P;
				GENERATE_INFOPLIST_FILE = YES;
				IPHONEOS_DEPLOYMENT_TARGET = 16.0;
				MARKETING_VERSION = 1.0;
				PRODUCT_BUNDLE_IDENTIFIER = "com.kaotd.Trilium-ClientTests";
				PRODUCT_NAME = "$(TARGET_NAME)";
				SWIFT_EMIT_LOC_STRINGS = NO;
				SWIFT_VERSION = 5.0;
				TARGETED_DEVICE_FAMILY = "1,2";
				TEST_HOST = "$(BUILT_PRODUCTS_DIR)/Trilium Client.app/$(BUNDLE_EXECUTABLE_FOLDER_PATH)/Trilium Client";
			};
			name = Debug;
		};
		8B72C40C2C25EDA7008DF1AF /* Release */ = {
			isa = XCBuildConfiguration;
			buildSettings = {
				ALWAYS_EMBED_SWIFT_STANDARD_LIBRARIES = YES;
				BUNDLE_LOADER = "$(TEST_HOST)";
				CODE_SIGN_STYLE = Automatic;
				CURRENT_PROJECT_VERSION = 1;
				DEVELOPMENT_TEAM = YX582Y737P;
				GENERATE_INFOPLIST_FILE = YES;
				IPHONEOS_DEPLOYMENT_TARGET = 16.0;
				MARKETING_VERSION = 1.0;
				PRODUCT_BUNDLE_IDENTIFIER = "com.kaotd.Trilium-ClientTests";
				PRODUCT_NAME = "$(TARGET_NAME)";
				SWIFT_EMIT_LOC_STRINGS = NO;
				SWIFT_VERSION = 5.0;
				TARGETED_DEVICE_FAMILY = "1,2";
				TEST_HOST = "$(BUILT_PRODUCTS_DIR)/Trilium Client.app/$(BUNDLE_EXECUTABLE_FOLDER_PATH)/Trilium Client";
			};
			name = Release;
		};
		8B72C40E2C25EDA7008DF1AF /* Debug */ = {
			isa = XCBuildConfiguration;
			buildSettings = {
				ALWAYS_EMBED_SWIFT_STANDARD_LIBRARIES = YES;
				CODE_SIGN_STYLE = Automatic;
				CURRENT_PROJECT_VERSION = 1;
				DEVELOPMENT_TEAM = YX582Y737P;
				GENERATE_INFOPLIST_FILE = YES;
				IPHONEOS_DEPLOYMENT_TARGET = 16.0;
				MARKETING_VERSION = 1.0;
				PRODUCT_BUNDLE_IDENTIFIER = "com.kaotd.Trilium-ClientUITests";
				PRODUCT_NAME = "$(TARGET_NAME)";
				SWIFT_EMIT_LOC_STRINGS = NO;
				SWIFT_VERSION = 5.0;
				TARGETED_DEVICE_FAMILY = "1,2";
				TEST_TARGET_NAME = "Trilium Client";
			};
			name = Debug;
		};
		8B72C40F2C25EDA7008DF1AF /* Release */ = {
			isa = XCBuildConfiguration;
			buildSettings = {
				ALWAYS_EMBED_SWIFT_STANDARD_LIBRARIES = YES;
				CODE_SIGN_STYLE = Automatic;
				CURRENT_PROJECT_VERSION = 1;
				DEVELOPMENT_TEAM = YX582Y737P;
				GENERATE_INFOPLIST_FILE = YES;
				IPHONEOS_DEPLOYMENT_TARGET = 16.0;
				MARKETING_VERSION = 1.0;
				PRODUCT_BUNDLE_IDENTIFIER = "com.kaotd.Trilium-ClientUITests";
				PRODUCT_NAME = "$(TARGET_NAME)";
				SWIFT_EMIT_LOC_STRINGS = NO;
				SWIFT_VERSION = 5.0;
				TARGETED_DEVICE_FAMILY = "1,2";
				TEST_TARGET_NAME = "Trilium Client";
			};
			name = Release;
		};
/* End XCBuildConfiguration section */

/* Begin XCConfigurationList section */
		8B72C3D92C25EDA5008DF1AF /* Build configuration list for PBXProject "Trilium Client" */ = {
			isa = XCConfigurationList;
			buildConfigurations = (
				8B72C4052C25EDA7008DF1AF /* Debug */,
				8B72C4062C25EDA7008DF1AF /* Release */,
			);
			defaultConfigurationIsVisible = 0;
			defaultConfigurationName = Release;
		};
		8B72C4072C25EDA7008DF1AF /* Build configuration list for PBXNativeTarget "Trilium Client" */ = {
			isa = XCConfigurationList;
			buildConfigurations = (
				8B72C4082C25EDA7008DF1AF /* Debug */,
				8B72C4092C25EDA7008DF1AF /* Release */,
			);
			defaultConfigurationIsVisible = 0;
			defaultConfigurationName = Release;
		};
		8B72C40A2C25EDA7008DF1AF /* Build configuration list for PBXNativeTarget "Trilium ClientTests" */ = {
			isa = XCConfigurationList;
			buildConfigurations = (
				8B72C40B2C25EDA7008DF1AF /* Debug */,
				8B72C40C2C25EDA7008DF1AF /* Release */,
			);
			defaultConfigurationIsVisible = 0;
			defaultConfigurationName = Release;
		};
		8B72C40D2C25EDA7008DF1AF /* Build configuration list for PBXNativeTarget "Trilium ClientUITests" */ = {
			isa = XCConfigurationList;
			buildConfigurations = (
				8B72C40E2C25EDA7008DF1AF /* Debug */,
				8B72C40F2C25EDA7008DF1AF /* Release */,
			);
			defaultConfigurationIsVisible = 0;
			defaultConfigurationName = Release;
		};
/* End XCConfigurationList section */

/* Begin XCRemoteSwiftPackageReference section */
		8B605B102C39570B0029936B /* XCRemoteSwiftPackageReference "Alamofire" */ = {
			isa = XCRemoteSwiftPackageReference;
			repositoryURL = "https://github.com/Alamofire/Alamofire.git";
			requirement = {
				kind = exactVersion;
				version = 5.8.1;
			};
		};
/* End XCRemoteSwiftPackageReference section */

/* Begin XCSwiftPackageProductDependency section */
		8B605B112C39570B0029936B /* Alamofire */ = {
			isa = XCSwiftPackageProductDependency;
			package = 8B605B102C39570B0029936B /* XCRemoteSwiftPackageReference "Alamofire" */;
			productName = Alamofire;
		};
/* End XCSwiftPackageProductDependency section */

/* Begin XCVersionGroup section */
		8B72C3EC2C25EDA7008DF1AF /* Trilium_Client.xcdatamodeld */ = {
			isa = XCVersionGroup;
			children = (
				8B72C3ED2C25EDA7008DF1AF /* Trilium_Client.xcdatamodel */,
			);
			currentVersion = 8B72C3ED2C25EDA7008DF1AF /* Trilium_Client.xcdatamodel */;
			path = Trilium_Client.xcdatamodeld;
			sourceTree = "<group>";
			versionGroupType = wrapper.xcdatamodel;
		};
/* End XCVersionGroup section */
	};
	rootObject = 8B72C3D62C25EDA5008DF1AF /* Project object */;
}
